
Microsoft Visual Studio Solution File, Format Version 12.00
# Visual Studio 14
VisualStudioVersion = 14.0.22823.1
MinimumVisualStudioVersion = 10.0.40219.1
Project("{8BB2217D-0F2D-49D1-97BC-3654ED321F3B}") = "Pomona.Common", "app\Pomona.Common\Pomona.Common.xproj", "{CE60E505-7A69-45C3-BFA5-4B6DA26E1DC0}"
EndProject
Project("{2150E333-8FDC-42A3-9474-1A3956D46DE8}") = "app", "app", "{BD56DF70-4CFF-45D8-A951-FF262E26B3D8}"
EndProject
Project("{8BB2217D-0F2D-49D1-97BC-3654ED321F3B}") = "Pomona", "app\Pomona\Pomona.xproj", "{ADAD3A46-8E35-4833-B662-D937FC3B6B05}"
EndProject
Project("{8BB2217D-0F2D-49D1-97BC-3654ED321F3B}") = "Pomona.Profiling.MiniProfiler", "app\Pomona.Profiling.MiniProfiler\Pomona.Profiling.MiniProfiler.xproj", "{B09B2B16-5AAF-43F4-9C3F-D46B74C243E0}"
EndProject
Project("{8BB2217D-0F2D-49D1-97BC-3654ED321F3B}") = "Pomona.Scheduler", "app\Pomona.Scheduler\Pomona.Scheduler.xproj", "{E2A7D7DE-9A81-4FE4-9F1B-9B2B9DCF8CED}"
EndProject
Project("{8BB2217D-0F2D-49D1-97BC-3654ED321F3B}") = "Pomona.Security", "app\Pomona.Security\Pomona.Security.xproj", "{2671DA0C-197D-49A8-9DAF-D7C29CC0D29F}"
EndProject
Project("{2150E333-8FDC-42A3-9474-1A3956D46DE8}") = "tests", "tests", "{72E7CB93-83A3-42D4-91C5-2D20F1380A99}"
EndProject
Project("{8BB2217D-0F2D-49D1-97BC-3654ED321F3B}") = "Pomona.Example", "tests\Pomona.Example\Pomona.Example.xproj", "{3EF27DF4-F84A-40A8-8DB4-C8F07E6DA0A1}"
EndProject
Project("{8BB2217D-0F2D-49D1-97BC-3654ED321F3B}") = "Pomona.UnitTests", "tests\Pomona.UnitTests\Pomona.UnitTests.xproj", "{03410770-2403-43DE-8701-9CC818069985}"
EndProject
Project("{8BB2217D-0F2D-49D1-97BC-3654ED321F3B}") = "Pomona.TestHelpers", "tests\Pomona.TestHelpers\Pomona.TestHelpers.xproj", "{A816F367-A448-4608-AD12-F3EE6F513EC7}"
EndProject
Project("{8BB2217D-0F2D-49D1-97BC-3654ED321F3B}") = "Pomona.NHibernate3", "app\Pomona.NHibernate3\Pomona.NHibernate3.xproj", "{6E782ACA-52CC-46FA-B97D-A5B837A2AE71}"
EndProject
Global
	GlobalSection(SolutionConfigurationPlatforms) = preSolution
		Debug|Any CPU = Debug|Any CPU
		Release|Any CPU = Release|Any CPU
	EndGlobalSection
	GlobalSection(ProjectConfigurationPlatforms) = postSolution
		{CE60E505-7A69-45C3-BFA5-4B6DA26E1DC0}.Debug|Any CPU.ActiveCfg = Debug|Any CPU
		{CE60E505-7A69-45C3-BFA5-4B6DA26E1DC0}.Debug|Any CPU.Build.0 = Debug|Any CPU
		{CE60E505-7A69-45C3-BFA5-4B6DA26E1DC0}.Release|Any CPU.ActiveCfg = Release|Any CPU
		{CE60E505-7A69-45C3-BFA5-4B6DA26E1DC0}.Release|Any CPU.Build.0 = Release|Any CPU
		{ADAD3A46-8E35-4833-B662-D937FC3B6B05}.Debug|Any CPU.ActiveCfg = Debug|Any CPU
		{ADAD3A46-8E35-4833-B662-D937FC3B6B05}.Debug|Any CPU.Build.0 = Debug|Any CPU
		{ADAD3A46-8E35-4833-B662-D937FC3B6B05}.Release|Any CPU.ActiveCfg = Release|Any CPU
		{ADAD3A46-8E35-4833-B662-D937FC3B6B05}.Release|Any CPU.Build.0 = Release|Any CPU
		{B09B2B16-5AAF-43F4-9C3F-D46B74C243E0}.Debug|Any CPU.ActiveCfg = Debug|Any CPU
		{B09B2B16-5AAF-43F4-9C3F-D46B74C243E0}.Debug|Any CPU.Build.0 = Debug|Any CPU
		{B09B2B16-5AAF-43F4-9C3F-D46B74C243E0}.Release|Any CPU.ActiveCfg = Release|Any CPU
		{B09B2B16-5AAF-43F4-9C3F-D46B74C243E0}.Release|Any CPU.Build.0 = Release|Any CPU
		{E2A7D7DE-9A81-4FE4-9F1B-9B2B9DCF8CED}.Debug|Any CPU.ActiveCfg = Debug|Any CPU
		{E2A7D7DE-9A81-4FE4-9F1B-9B2B9DCF8CED}.Debug|Any CPU.Build.0 = Debug|Any CPU
		{E2A7D7DE-9A81-4FE4-9F1B-9B2B9DCF8CED}.Release|Any CPU.ActiveCfg = Release|Any CPU
		{E2A7D7DE-9A81-4FE4-9F1B-9B2B9DCF8CED}.Release|Any CPU.Build.0 = Release|Any CPU
		{2671DA0C-197D-49A8-9DAF-D7C29CC0D29F}.Debug|Any CPU.ActiveCfg = Debug|Any CPU
		{2671DA0C-197D-49A8-9DAF-D7C29CC0D29F}.Debug|Any CPU.Build.0 = Debug|Any CPU
		{2671DA0C-197D-49A8-9DAF-D7C29CC0D29F}.Release|Any CPU.ActiveCfg = Release|Any CPU
		{2671DA0C-197D-49A8-9DAF-D7C29CC0D29F}.Release|Any CPU.Build.0 = Release|Any CPU
		{3EF27DF4-F84A-40A8-8DB4-C8F07E6DA0A1}.Debug|Any CPU.ActiveCfg = Debug|Any CPU
		{3EF27DF4-F84A-40A8-8DB4-C8F07E6DA0A1}.Debug|Any CPU.Build.0 = Debug|Any CPU
		{3EF27DF4-F84A-40A8-8DB4-C8F07E6DA0A1}.Release|Any CPU.ActiveCfg = Release|Any CPU
		{3EF27DF4-F84A-40A8-8DB4-C8F07E6DA0A1}.Release|Any CPU.Build.0 = Release|Any CPU
		{03410770-2403-43DE-8701-9CC818069985}.Debug|Any CPU.ActiveCfg = Debug|Any CPU
		{03410770-2403-43DE-8701-9CC818069985}.Debug|Any CPU.Build.0 = Debug|Any CPU
		{03410770-2403-43DE-8701-9CC818069985}.Release|Any CPU.ActiveCfg = Release|Any CPU
		{03410770-2403-43DE-8701-9CC818069985}.Release|Any CPU.Build.0 = Release|Any CPU
		{A816F367-A448-4608-AD12-F3EE6F513EC7}.Debug|Any CPU.ActiveCfg = Debug|Any CPU
		{A816F367-A448-4608-AD12-F3EE6F513EC7}.Debug|Any CPU.Build.0 = Debug|Any CPU
		{A816F367-A448-4608-AD12-F3EE6F513EC7}.Release|Any CPU.ActiveCfg = Release|Any CPU
		{A816F367-A448-4608-AD12-F3EE6F513EC7}.Release|Any CPU.Build.0 = Release|Any CPU
		{6E782ACA-52CC-46FA-B97D-A5B837A2AE71}.Debug|Any CPU.ActiveCfg = Debug|Any CPU
		{6E782ACA-52CC-46FA-B97D-A5B837A2AE71}.Debug|Any CPU.Build.0 = Debug|Any CPU
		{6E782ACA-52CC-46FA-B97D-A5B837A2AE71}.Release|Any CPU.ActiveCfg = Release|Any CPU
		{6E782ACA-52CC-46FA-B97D-A5B837A2AE71}.Release|Any CPU.Build.0 = Release|Any CPU
	EndGlobalSection
	GlobalSection(SolutionProperties) = preSolution
		HideSolutionNode = FALSE
	EndGlobalSection
	GlobalSection(NestedProjects) = preSolution
		{CE60E505-7A69-45C3-BFA5-4B6DA26E1DC0} = {BD56DF70-4CFF-45D8-A951-FF262E26B3D8}
		{ADAD3A46-8E35-4833-B662-D937FC3B6B05} = {BD56DF70-4CFF-45D8-A951-FF262E26B3D8}
		{B09B2B16-5AAF-43F4-9C3F-D46B74C243E0} = {BD56DF70-4CFF-45D8-A951-FF262E26B3D8}
		{E2A7D7DE-9A81-4FE4-9F1B-9B2B9DCF8CED} = {BD56DF70-4CFF-45D8-A951-FF262E26B3D8}
		{2671DA0C-197D-49A8-9DAF-D7C29CC0D29F} = {BD56DF70-4CFF-45D8-A951-FF262E26B3D8}
		{3EF27DF4-F84A-40A8-8DB4-C8F07E6DA0A1} = {72E7CB93-83A3-42D4-91C5-2D20F1380A99}
		{03410770-2403-43DE-8701-9CC818069985} = {72E7CB93-83A3-42D4-91C5-2D20F1380A99}
		{A816F367-A448-4608-AD12-F3EE6F513EC7} = {72E7CB93-83A3-42D4-91C5-2D20F1380A99}
		{6E782ACA-52CC-46FA-B97D-A5B837A2AE71} = {BD56DF70-4CFF-45D8-A951-FF262E26B3D8}
	EndGlobalSection
EndGlobal
