
Microsoft Visual Studio Solution File, Format Version 12.00
# Visual Studio 2012
Project("{FAE04EC0-301F-11D3-BF4B-00C04F79EFBC}") = "Pomona", "app\Pomona\Pomona.csproj", "{EE396A59-956E-4DEE-B222-991F2274ED67}"
EndProject
Project("{FAE04EC0-301F-11D3-BF4B-00C04F79EFBC}") = "Pomona.Common", "app\Pomona.Common\Pomona.Common.csproj", "{94E7B042-6595-46F8-9400-897058E76E91}"
EndProject
Project("{FAE04EC0-301F-11D3-BF4B-00C04F79EFBC}") = "Pomona.SystemTests", "tests\Pomona.SystemTests\Pomona.SystemTests.csproj", "{D38E1728-EC41-4780-843E-5F9D6C35C641}"
EndProject
Project("{2150E333-8FDC-42A3-9474-1A3956D46DE8}") = ".nuget", ".nuget", "{5EFFC358-961C-47E3-9735-8061DCB3BE75}"
	ProjectSection(SolutionItems) = preProject
		.nuget\NuGet.Config = .nuget\NuGet.Config
		.nuget\NuGet.exe = .nuget\NuGet.exe
		.nuget\NuGet.targets = .nuget\NuGet.targets
	EndProjectSection
EndProject
Project("{FAE04EC0-301F-11D3-BF4B-00C04F79EFBC}") = "Pomona.Example", "tests\Pomona.Example\Pomona.Example.csproj", "{2C37DEDE-F3CF-4CF2-BC9A-84FBD7EB39A0}"
EndProject
Project("{FAE04EC0-301F-11D3-BF4B-00C04F79EFBC}") = "Pomona.Example.ServerApp", "tests\Pomona.Example.ServerApp\Pomona.Example.ServerApp.csproj", "{2A4FB8E3-4537-4B40-9DED-34B892C0BCAB}"
EndProject
Project("{FAE04EC0-301F-11D3-BF4B-00C04F79EFBC}") = "Pomona.UnitTests", "tests\Pomona.UnitTests\Pomona.UnitTests.csproj", "{093DC2AB-B78C-481F-970E-2857338541B1}"
EndProject
Project("{FAE04EC0-301F-11D3-BF4B-00C04F79EFBC}") = "Pomona.UnitTests.GenerateClientDllApp", "tests\Pomona.UnitTests.GenerateClientDllApp\Pomona.UnitTests.GenerateClientDllApp.csproj", "{9D098F08-B3CA-4122-A7F6-3090F8A17CA1}"
EndProject
Project("{FAE04EC0-301F-11D3-BF4B-00C04F79EFBC}") = "Pomona.SystemTests.ConsoleAppRunner", "tests\Pomona.SystemTests.ConsoleAppRunner\Pomona.SystemTests.ConsoleAppRunner.csproj", "{4FDB6B24-BCD1-4CA7-A6DF-E6AD3146F7E8}"
EndProject
Project("{2150E333-8FDC-42A3-9474-1A3956D46DE8}") = "Solution Items", "Solution Items", "{1FB04DDF-0A84-4B2A-808D-F4BC25D9C68A}"
	ProjectSection(SolutionItems) = preProject
		README.md = README.md
	EndProjectSection
EndProject
Project("{FAE04EC0-301F-11D3-BF4B-00C04F79EFBC}") = "Pomona.TestHelpers", "tests\Pomona.TestHelpers\Pomona.TestHelpers.csproj", "{BF914B52-EBE9-422B-AF7F-FC7F48CEE550}"
EndProject
Project("{FAE04EC0-301F-11D3-BF4B-00C04F79EFBC}") = "Pomona.NHibernateTest", "tests\Pomona.NHibernateTests\Pomona.NHibernateTests.csproj", "{AA3FB78C-ABBC-4490-8726-3B4A2AADA699}"
EndProject
Project("{2150E333-8FDC-42A3-9474-1A3956D46DE8}") = "tests", "tests", "{5B5B9445-7105-4C81-B3BD-039FBCD52034}"
EndProject
Project("{2150E333-8FDC-42A3-9474-1A3956D46DE8}") = "app", "app", "{2D1608D0-94AF-42D1-818F-26D647FB340B}"
EndProject
Global
	GlobalSection(SolutionConfigurationPlatforms) = preSolution
		Debug|Any CPU = Debug|Any CPU
		Debug|Mixed Platforms = Debug|Mixed Platforms
		Debug|x86 = Debug|x86
		Release|Any CPU = Release|Any CPU
		Release|Mixed Platforms = Release|Mixed Platforms
		Release|x86 = Release|x86
	EndGlobalSection
	GlobalSection(ProjectConfigurationPlatforms) = postSolution
		{EE396A59-956E-4DEE-B222-991F2274ED67}.Debug|Any CPU.ActiveCfg = Debug|Any CPU
		{EE396A59-956E-4DEE-B222-991F2274ED67}.Debug|Any CPU.Build.0 = Debug|Any CPU
		{EE396A59-956E-4DEE-B222-991F2274ED67}.Debug|Mixed Platforms.ActiveCfg = Debug|x86
		{EE396A59-956E-4DEE-B222-991F2274ED67}.Debug|Mixed Platforms.Build.0 = Debug|x86
		{EE396A59-956E-4DEE-B222-991F2274ED67}.Debug|x86.ActiveCfg = Debug|x86
		{EE396A59-956E-4DEE-B222-991F2274ED67}.Debug|x86.Build.0 = Debug|x86
		{EE396A59-956E-4DEE-B222-991F2274ED67}.Release|Any CPU.ActiveCfg = Release|Any CPU
		{EE396A59-956E-4DEE-B222-991F2274ED67}.Release|Any CPU.Build.0 = Release|Any CPU
		{EE396A59-956E-4DEE-B222-991F2274ED67}.Release|Mixed Platforms.ActiveCfg = Release|x86
		{EE396A59-956E-4DEE-B222-991F2274ED67}.Release|Mixed Platforms.Build.0 = Release|x86
		{EE396A59-956E-4DEE-B222-991F2274ED67}.Release|x86.ActiveCfg = Release|x86
		{EE396A59-956E-4DEE-B222-991F2274ED67}.Release|x86.Build.0 = Release|x86
		{94E7B042-6595-46F8-9400-897058E76E91}.Debug|Any CPU.ActiveCfg = Debug|Any CPU
		{94E7B042-6595-46F8-9400-897058E76E91}.Debug|Any CPU.Build.0 = Debug|Any CPU
		{94E7B042-6595-46F8-9400-897058E76E91}.Debug|Mixed Platforms.ActiveCfg = Debug|Any CPU
		{94E7B042-6595-46F8-9400-897058E76E91}.Debug|Mixed Platforms.Build.0 = Debug|Any CPU
		{94E7B042-6595-46F8-9400-897058E76E91}.Debug|x86.ActiveCfg = Debug|Any CPU
		{94E7B042-6595-46F8-9400-897058E76E91}.Release|Any CPU.ActiveCfg = Release|Any CPU
		{94E7B042-6595-46F8-9400-897058E76E91}.Release|Any CPU.Build.0 = Release|Any CPU
		{94E7B042-6595-46F8-9400-897058E76E91}.Release|Mixed Platforms.ActiveCfg = Release|Any CPU
		{94E7B042-6595-46F8-9400-897058E76E91}.Release|Mixed Platforms.Build.0 = Release|Any CPU
		{94E7B042-6595-46F8-9400-897058E76E91}.Release|x86.ActiveCfg = Release|Any CPU
		{2C37DEDE-F3CF-4CF2-BC9A-84FBD7EB39A0}.Debug|Any CPU.ActiveCfg = Debug|Any CPU
		{2C37DEDE-F3CF-4CF2-BC9A-84FBD7EB39A0}.Debug|Any CPU.Build.0 = Debug|Any CPU
		{2C37DEDE-F3CF-4CF2-BC9A-84FBD7EB39A0}.Debug|Mixed Platforms.ActiveCfg = Debug|Any CPU
		{2C37DEDE-F3CF-4CF2-BC9A-84FBD7EB39A0}.Debug|Mixed Platforms.Build.0 = Debug|Any CPU
		{2C37DEDE-F3CF-4CF2-BC9A-84FBD7EB39A0}.Debug|x86.ActiveCfg = Debug|Any CPU
		{2C37DEDE-F3CF-4CF2-BC9A-84FBD7EB39A0}.Release|Any CPU.ActiveCfg = Release|Any CPU
		{2C37DEDE-F3CF-4CF2-BC9A-84FBD7EB39A0}.Release|Any CPU.Build.0 = Release|Any CPU
		{2C37DEDE-F3CF-4CF2-BC9A-84FBD7EB39A0}.Release|Mixed Platforms.ActiveCfg = Release|Any CPU
		{2C37DEDE-F3CF-4CF2-BC9A-84FBD7EB39A0}.Release|Mixed Platforms.Build.0 = Release|Any CPU
		{2C37DEDE-F3CF-4CF2-BC9A-84FBD7EB39A0}.Release|x86.ActiveCfg = Release|Any CPU
		{2A4FB8E3-4537-4B40-9DED-34B892C0BCAB}.Debug|Any CPU.ActiveCfg = Debug|Any CPU
		{2A4FB8E3-4537-4B40-9DED-34B892C0BCAB}.Debug|Any CPU.Build.0 = Debug|Any CPU
		{2A4FB8E3-4537-4B40-9DED-34B892C0BCAB}.Debug|Mixed Platforms.ActiveCfg = Debug|x86
		{2A4FB8E3-4537-4B40-9DED-34B892C0BCAB}.Debug|Mixed Platforms.Build.0 = Debug|x86
		{2A4FB8E3-4537-4B40-9DED-34B892C0BCAB}.Debug|x86.ActiveCfg = Debug|x86
		{2A4FB8E3-4537-4B40-9DED-34B892C0BCAB}.Debug|x86.Build.0 = Debug|x86
		{2A4FB8E3-4537-4B40-9DED-34B892C0BCAB}.Release|Any CPU.ActiveCfg = Release|Any CPU
		{2A4FB8E3-4537-4B40-9DED-34B892C0BCAB}.Release|Any CPU.Build.0 = Release|Any CPU
		{2A4FB8E3-4537-4B40-9DED-34B892C0BCAB}.Release|Mixed Platforms.ActiveCfg = Release|x86
		{2A4FB8E3-4537-4B40-9DED-34B892C0BCAB}.Release|Mixed Platforms.Build.0 = Release|x86
		{2A4FB8E3-4537-4B40-9DED-34B892C0BCAB}.Release|x86.ActiveCfg = Release|x86
		{2A4FB8E3-4537-4B40-9DED-34B892C0BCAB}.Release|x86.Build.0 = Release|x86
		{093DC2AB-B78C-481F-970E-2857338541B1}.Debug|Any CPU.ActiveCfg = Debug|Any CPU
		{093DC2AB-B78C-481F-970E-2857338541B1}.Debug|Any CPU.Build.0 = Debug|Any CPU
		{093DC2AB-B78C-481F-970E-2857338541B1}.Debug|Mixed Platforms.ActiveCfg = Debug|Any CPU
		{093DC2AB-B78C-481F-970E-2857338541B1}.Debug|Mixed Platforms.Build.0 = Debug|Any CPU
		{093DC2AB-B78C-481F-970E-2857338541B1}.Debug|x86.ActiveCfg = Debug|Any CPU
		{093DC2AB-B78C-481F-970E-2857338541B1}.Release|Any CPU.ActiveCfg = Release|Any CPU
		{093DC2AB-B78C-481F-970E-2857338541B1}.Release|Any CPU.Build.0 = Release|Any CPU
		{093DC2AB-B78C-481F-970E-2857338541B1}.Release|Mixed Platforms.ActiveCfg = Release|Any CPU
		{093DC2AB-B78C-481F-970E-2857338541B1}.Release|Mixed Platforms.Build.0 = Release|Any CPU
		{093DC2AB-B78C-481F-970E-2857338541B1}.Release|x86.ActiveCfg = Release|Any CPU
		{9D098F08-B3CA-4122-A7F6-3090F8A17CA1}.Debug|Any CPU.ActiveCfg = Debug|Any CPU
		{9D098F08-B3CA-4122-A7F6-3090F8A17CA1}.Debug|Any CPU.Build.0 = Debug|Any CPU
		{9D098F08-B3CA-4122-A7F6-3090F8A17CA1}.Debug|Mixed Platforms.ActiveCfg = Debug|x86
		{9D098F08-B3CA-4122-A7F6-3090F8A17CA1}.Debug|Mixed Platforms.Build.0 = Debug|x86
		{9D098F08-B3CA-4122-A7F6-3090F8A17CA1}.Debug|x86.ActiveCfg = Debug|x86
		{9D098F08-B3CA-4122-A7F6-3090F8A17CA1}.Debug|x86.Build.0 = Debug|x86
		{9D098F08-B3CA-4122-A7F6-3090F8A17CA1}.Release|Any CPU.ActiveCfg = Release|Any CPU
		{9D098F08-B3CA-4122-A7F6-3090F8A17CA1}.Release|Any CPU.Build.0 = Release|Any CPU
		{9D098F08-B3CA-4122-A7F6-3090F8A17CA1}.Release|Mixed Platforms.ActiveCfg = Release|x86
		{9D098F08-B3CA-4122-A7F6-3090F8A17CA1}.Release|Mixed Platforms.Build.0 = Release|x86
		{9D098F08-B3CA-4122-A7F6-3090F8A17CA1}.Release|x86.ActiveCfg = Release|x86
		{9D098F08-B3CA-4122-A7F6-3090F8A17CA1}.Release|x86.Build.0 = Release|x86
		{4FDB6B24-BCD1-4CA7-A6DF-E6AD3146F7E8}.Debug|Any CPU.ActiveCfg = Debug|Any CPU
		{4FDB6B24-BCD1-4CA7-A6DF-E6AD3146F7E8}.Debug|Any CPU.Build.0 = Debug|Any CPU
		{4FDB6B24-BCD1-4CA7-A6DF-E6AD3146F7E8}.Debug|Mixed Platforms.ActiveCfg = Debug|x86
		{4FDB6B24-BCD1-4CA7-A6DF-E6AD3146F7E8}.Debug|Mixed Platforms.Build.0 = Debug|x86
		{4FDB6B24-BCD1-4CA7-A6DF-E6AD3146F7E8}.Debug|x86.ActiveCfg = Debug|x86
		{4FDB6B24-BCD1-4CA7-A6DF-E6AD3146F7E8}.Debug|x86.Build.0 = Debug|x86
		{4FDB6B24-BCD1-4CA7-A6DF-E6AD3146F7E8}.Release|Any CPU.ActiveCfg = Release|Any CPU
		{4FDB6B24-BCD1-4CA7-A6DF-E6AD3146F7E8}.Release|Any CPU.Build.0 = Release|Any CPU
		{4FDB6B24-BCD1-4CA7-A6DF-E6AD3146F7E8}.Release|Mixed Platforms.ActiveCfg = Release|x86
		{4FDB6B24-BCD1-4CA7-A6DF-E6AD3146F7E8}.Release|Mixed Platforms.Build.0 = Release|x86
		{4FDB6B24-BCD1-4CA7-A6DF-E6AD3146F7E8}.Release|x86.ActiveCfg = Release|x86
		{4FDB6B24-BCD1-4CA7-A6DF-E6AD3146F7E8}.Release|x86.Build.0 = Release|x86
		{BF914B52-EBE9-422B-AF7F-FC7F48CEE550}.Debug|Any CPU.ActiveCfg = Debug|Any CPU
		{BF914B52-EBE9-422B-AF7F-FC7F48CEE550}.Debug|Any CPU.Build.0 = Debug|Any CPU
		{BF914B52-EBE9-422B-AF7F-FC7F48CEE550}.Debug|Mixed Platforms.ActiveCfg = Debug|Any CPU
		{BF914B52-EBE9-422B-AF7F-FC7F48CEE550}.Debug|Mixed Platforms.Build.0 = Debug|Any CPU
		{BF914B52-EBE9-422B-AF7F-FC7F48CEE550}.Debug|x86.ActiveCfg = Debug|Any CPU
		{BF914B52-EBE9-422B-AF7F-FC7F48CEE550}.Release|Any CPU.ActiveCfg = Release|Any CPU
		{BF914B52-EBE9-422B-AF7F-FC7F48CEE550}.Release|Any CPU.Build.0 = Release|Any CPU
		{BF914B52-EBE9-422B-AF7F-FC7F48CEE550}.Release|Mixed Platforms.ActiveCfg = Release|Any CPU
		{BF914B52-EBE9-422B-AF7F-FC7F48CEE550}.Release|Mixed Platforms.Build.0 = Release|Any CPU
		{BF914B52-EBE9-422B-AF7F-FC7F48CEE550}.Release|x86.ActiveCfg = Release|Any CPU
		{AA3FB78C-ABBC-4490-8726-3B4A2AADA699}.Debug|Any CPU.ActiveCfg = Debug|Any CPU
		{AA3FB78C-ABBC-4490-8726-3B4A2AADA699}.Debug|Any CPU.Build.0 = Debug|Any CPU
		{AA3FB78C-ABBC-4490-8726-3B4A2AADA699}.Debug|Mixed Platforms.ActiveCfg = Debug|Any CPU
		{AA3FB78C-ABBC-4490-8726-3B4A2AADA699}.Debug|Mixed Platforms.Build.0 = Debug|Any CPU
		{AA3FB78C-ABBC-4490-8726-3B4A2AADA699}.Debug|x86.ActiveCfg = Debug|Any CPU
		{AA3FB78C-ABBC-4490-8726-3B4A2AADA699}.Release|Any CPU.ActiveCfg = Release|Any CPU
		{AA3FB78C-ABBC-4490-8726-3B4A2AADA699}.Release|Any CPU.Build.0 = Release|Any CPU
		{AA3FB78C-ABBC-4490-8726-3B4A2AADA699}.Release|Mixed Platforms.ActiveCfg = Release|Any CPU
		{AA3FB78C-ABBC-4490-8726-3B4A2AADA699}.Release|Mixed Platforms.Build.0 = Release|Any CPU
		{AA3FB78C-ABBC-4490-8726-3B4A2AADA699}.Release|x86.ActiveCfg = Release|Any CPU
		{D38E1728-EC41-4780-843E-5F9D6C35C641}.Debug|Any CPU.ActiveCfg = Debug|Any CPU
		{D38E1728-EC41-4780-843E-5F9D6C35C641}.Debug|Any CPU.Build.0 = Debug|Any CPU
		{D38E1728-EC41-4780-843E-5F9D6C35C641}.Debug|Mixed Platforms.ActiveCfg = Debug|Any CPU
		{D38E1728-EC41-4780-843E-5F9D6C35C641}.Debug|Mixed Platforms.Build.0 = Debug|Any CPU
		{D38E1728-EC41-4780-843E-5F9D6C35C641}.Debug|x86.ActiveCfg = Debug|Any CPU
		{D38E1728-EC41-4780-843E-5F9D6C35C641}.Release|Any CPU.ActiveCfg = Release|Any CPU
		{D38E1728-EC41-4780-843E-5F9D6C35C641}.Release|Any CPU.Build.0 = Release|Any CPU
		{D38E1728-EC41-4780-843E-5F9D6C35C641}.Release|Mixed Platforms.ActiveCfg = Release|Any CPU
		{D38E1728-EC41-4780-843E-5F9D6C35C641}.Release|Mixed Platforms.Build.0 = Release|Any CPU
		{D38E1728-EC41-4780-843E-5F9D6C35C641}.Release|x86.ActiveCfg = Release|Any CPU
	EndGlobalSection
	GlobalSection(SolutionProperties) = preSolution
		HideSolutionNode = FALSE
	EndGlobalSection
	GlobalSection(NestedProjects) = preSolution
		{94E7B042-6595-46F8-9400-897058E76E91} = {2D1608D0-94AF-42D1-818F-26D647FB340B}
		{EE396A59-956E-4DEE-B222-991F2274ED67} = {2D1608D0-94AF-42D1-818F-26D647FB340B}
		{2C37DEDE-F3CF-4CF2-BC9A-84FBD7EB39A0} = {5B5B9445-7105-4C81-B3BD-039FBCD52034}
		{2A4FB8E3-4537-4B40-9DED-34B892C0BCAB} = {5B5B9445-7105-4C81-B3BD-039FBCD52034}
		{093DC2AB-B78C-481F-970E-2857338541B1} = {5B5B9445-7105-4C81-B3BD-039FBCD52034}
		{9D098F08-B3CA-4122-A7F6-3090F8A17CA1} = {5B5B9445-7105-4C81-B3BD-039FBCD52034}
		{4FDB6B24-BCD1-4CA7-A6DF-E6AD3146F7E8} = {5B5B9445-7105-4C81-B3BD-039FBCD52034}
		{BF914B52-EBE9-422B-AF7F-FC7F48CEE550} = {5B5B9445-7105-4C81-B3BD-039FBCD52034}
		{AA3FB78C-ABBC-4490-8726-3B4A2AADA699} = {5B5B9445-7105-4C81-B3BD-039FBCD52034}
		{D38E1728-EC41-4780-843E-5F9D6C35C641} = {5B5B9445-7105-4C81-B3BD-039FBCD52034}
	EndGlobalSection
EndGlobal
