Microsoft Visual Studio Solution File, Format Version 12.00
# Visual Studio 15
VisualStudioVersion = 15.0.26621.2
MinimumVisualStudioVersion = 10.0.40219.1
Project("{FAE04EC0-301F-11D3-BF4B-00C04F79EFBC}") = "Pomona", "app\Pomona\Pomona.csproj", "{EE396A59-956E-4DEE-B222-991F2274ED67}"
EndProject
Project("{9A19103F-16F7-4668-BE54-9A1E7A4F7556}") = "Pomona.Common", "app\Pomona.Common\Pomona.Common.csproj", "{94E7B042-6595-46F8-9400-897058E76E91}"
EndProject
Project("{FAE04EC0-301F-11D3-BF4B-00C04F79EFBC}") = "Pomona.SystemTests", "tests\Pomona.SystemTests\Pomona.SystemTests.csproj", "{D38E1728-EC41-4780-843E-5F9D6C35C641}"
	ProjectSection(ProjectDependencies) = postProject
		{9D098F08-B3CA-4122-A7F6-3090F8A17CA1} = {9D098F08-B3CA-4122-A7F6-3090F8A17CA1}
	EndProjectSection
EndProject
Project("{FAE04EC0-301F-11D3-BF4B-00C04F79EFBC}") = "Pomona.Example", "tests\Pomona.Example\Pomona.Example.csproj", "{2C37DEDE-F3CF-4CF2-BC9A-84FBD7EB39A0}"
EndProject
Project("{FAE04EC0-301F-11D3-BF4B-00C04F79EFBC}") = "Pomona.Example.ServerApp", "tests\Pomona.Example.ServerApp\Pomona.Example.ServerApp.csproj", "{2A4FB8E3-4537-4B40-9DED-34B892C0BCAB}"
EndProject
Project("{FAE04EC0-301F-11D3-BF4B-00C04F79EFBC}") = "Pomona.UnitTests", "tests\Pomona.UnitTests\Pomona.UnitTests.csproj", "{093DC2AB-B78C-481F-970E-2857338541B1}"
	ProjectSection(ProjectDependencies) = postProject
		{9D098F08-B3CA-4122-A7F6-3090F8A17CA1} = {9D098F08-B3CA-4122-A7F6-3090F8A17CA1}
	EndProjectSection
EndProject
Project("{FAE04EC0-301F-11D3-BF4B-00C04F79EFBC}") = "Pomona.UnitTests.GenerateClientDllApp", "tests\Pomona.UnitTests.GenerateClientDllApp\Pomona.UnitTests.GenerateClientDllApp.csproj", "{9D098F08-B3CA-4122-A7F6-3090F8A17CA1}"
EndProject
Project("{FAE04EC0-301F-11D3-BF4B-00C04F79EFBC}") = "Pomona.SystemTests.ConsoleAppRunner", "tests\Pomona.SystemTests.ConsoleAppRunner\Pomona.SystemTests.ConsoleAppRunner.csproj", "{4FDB6B24-BCD1-4CA7-A6DF-E6AD3146F7E8}"
	ProjectSection(ProjectDependencies) = postProject
		{9D098F08-B3CA-4122-A7F6-3090F8A17CA1} = {9D098F08-B3CA-4122-A7F6-3090F8A17CA1}
	EndProjectSection
EndProject
Project("{2150E333-8FDC-42A3-9474-1A3956D46DE8}") = "docs", "docs", "{1FB04DDF-0A84-4B2A-808D-F4BC25D9C68A}"
	ProjectSection(SolutionItems) = preProject
		LICENSE = LICENSE
		README.md = README.md
	EndProjectSection
EndProject
Project("{FAE04EC0-301F-11D3-BF4B-00C04F79EFBC}") = "Pomona.TestHelpers", "tests\Pomona.TestHelpers\Pomona.TestHelpers.csproj", "{BF914B52-EBE9-422B-AF7F-FC7F48CEE550}"
EndProject
Project("{2150E333-8FDC-42A3-9474-1A3956D46DE8}") = "tests", "tests", "{5B5B9445-7105-4C81-B3BD-039FBCD52034}"
EndProject
Project("{2150E333-8FDC-42A3-9474-1A3956D46DE8}") = "app", "app", "{2D1608D0-94AF-42D1-818F-26D647FB340B}"
EndProject
Project("{FAE04EC0-301F-11D3-BF4B-00C04F79EFBC}") = "Pomona.IndependentClientTests", "tests\Pomona.IndependentClientTests\Pomona.IndependentClientTests.csproj", "{0201E62C-5A02-4A39-8850-7547732B1BB7}"
	ProjectSection(ProjectDependencies) = postProject
		{9D098F08-B3CA-4122-A7F6-3090F8A17CA1} = {9D098F08-B3CA-4122-A7F6-3090F8A17CA1}
	EndProjectSection
EndProject
Project("{FAE04EC0-301F-11D3-BF4B-00C04F79EFBC}") = "Pomona.Security", "app\Pomona.Security\Pomona.Security.csproj", "{E3F16859-445A-4EA1-BE17-A4AD51AC4B2B}"
EndProject
Project("{FAE04EC0-301F-11D3-BF4B-00C04F79EFBC}") = "Pomona.Scheduler", "app\Pomona.Scheduler\Pomona.Scheduler.csproj", "{CFA3F173-4441-4773-BF3D-97F2818AAE1F}"
EndProject
Project("{FAE04EC0-301F-11D3-BF4B-00C04F79EFBC}") = "Pomona.Profiling.MiniProfiler", "app\Pomona.Profiling.MiniProfiler\Pomona.Profiling.MiniProfiler.csproj", "{0D02DC08-3CB7-45BB-8403-24200392785D}"
EndProject
Project("{FAE04EC0-301F-11D3-BF4B-00C04F79EFBC}") = "Pomona.Example.ServerAspnetApp", "tests\Pomona.Example.ServerAspnetApp\Pomona.Example.ServerAspnetApp.csproj", "{8C32D931-0FA9-4191-9C6D-640435995207}"
EndProject
Project("{FAE04EC0-301F-11D3-BF4B-00C04F79EFBC}") = "Pomona.NHibernate3", "app\Pomona.NHibernate3\Pomona.NHibernate3.csproj", "{7820ED76-DF9E-47E3-B122-D2D286603762}"
EndProject
Project("{FAE04EC0-301F-11D3-BF4B-00C04F79EFBC}") = "Pomona.NHibernate3.Tests", "tests\Pomona.NHibernate3.Tests\Pomona.NHibernate3.Tests.csproj", "{628D590E-ACAE-4D7C-9F15-5C74A4EAD4F0}"
EndProject
Project("{FAE04EC0-301F-11D3-BF4B-00C04F79EFBC}") = "Pomona.NHibernate4", "app\Pomona.NHibernate4\Pomona.NHibernate4.csproj", "{156EF2B3-61E8-413A-8885-7655556559E5}"
EndProject
Project("{2150E333-8FDC-42A3-9474-1A3956D46DE8}") = "Solution Items", "Solution Items", "{ED49A4D8-33F9-4E45-BDE6-BCA30A1B3484}"
	ProjectSection(SolutionItems) = preProject
		.gitattributes = .gitattributes
		.gitignore = .gitignore
		.travis.yml = .travis.yml
		appveyor.yml = appveyor.yml
		build-packages.cmd = build-packages.cmd
		Clean.cmd = Clean.cmd
		GitVersionConfig.yaml = GitVersionConfig.yaml
		LICENSE = LICENSE
		README.md = README.md
		run-unit-tests.cmd = run-unit-tests.cmd
	EndProjectSection
EndProject
Project("{FAE04EC0-301F-11D3-BF4B-00C04F79EFBC}") = "Pomona.SystemTests.ClientCompatibility", "tests\Pomona.SystemTests.ClientCompatibility\Pomona.SystemTests.ClientCompatibility.csproj", "{92824A85-488A-4C5D-966E-3BB94C39B334}"
EndProject
Project("{2150E333-8FDC-42A3-9474-1A3956D46DE8}") = "samples", "samples", "{4147A1E0-091B-454C-B190-90C5F801C901}"
EndProject
Project("{FAE04EC0-301F-11D3-BF4B-00C04F79EFBC}") = "Pomona.Samples.DustyBoxes1", "samples\Pomona.Samples.DustyBoxes1\Pomona.Samples.DustyBoxes1.csproj", "{DFE3AC49-EEBD-48B1-8026-4C03E66D01E5}"
EndProject
Project("{FAE04EC0-301F-11D3-BF4B-00C04F79EFBC}") = "Pomona.Samples.MiscSnippets", "samples\Pomona.Samples.MiscSnippets\Pomona.Samples.MiscSnippets.csproj", "{1E80B5E4-0F92-4134-A795-9D381A34803D}"
	ProjectSection(ProjectDependencies) = postProject
		{9D098F08-B3CA-4122-A7F6-3090F8A17CA1} = {9D098F08-B3CA-4122-A7F6-3090F8A17CA1}
	EndProjectSection
EndProject
Project("{FAE04EC0-301F-11D3-BF4B-00C04F79EFBC}") = "Pomona.Nancy", "app\Pomona.Nancy\Pomona.Nancy.csproj", "{CA7980DC-54A7-4B8B-840C-54C56CF5D9C8}"
EndProject
Global
	GlobalSection(SolutionConfigurationPlatforms) = preSolution
		Debug|Any CPU = Debug|Any CPU
		Release|Any CPU = Release|Any CPU
	EndGlobalSection
	GlobalSection(ProjectConfigurationPlatforms) = postSolution
		{EE396A59-956E-4DEE-B222-991F2274ED67}.Debug|Any CPU.ActiveCfg = Debug|Any CPU
		{EE396A59-956E-4DEE-B222-991F2274ED67}.Debug|Any CPU.Build.0 = Debug|Any CPU
		{EE396A59-956E-4DEE-B222-991F2274ED67}.Release|Any CPU.ActiveCfg = Release|Any CPU
		{EE396A59-956E-4DEE-B222-991F2274ED67}.Release|Any CPU.Build.0 = Release|Any CPU
		{94E7B042-6595-46F8-9400-897058E76E91}.Debug|Any CPU.ActiveCfg = Debug|Any CPU
		{94E7B042-6595-46F8-9400-897058E76E91}.Debug|Any CPU.Build.0 = Debug|Any CPU
		{94E7B042-6595-46F8-9400-897058E76E91}.Release|Any CPU.ActiveCfg = Release|Any CPU
		{94E7B042-6595-46F8-9400-897058E76E91}.Release|Any CPU.Build.0 = Release|Any CPU
		{D38E1728-EC41-4780-843E-5F9D6C35C641}.Debug|Any CPU.ActiveCfg = Debug|Any CPU
		{D38E1728-EC41-4780-843E-5F9D6C35C641}.Debug|Any CPU.Build.0 = Debug|Any CPU
		{D38E1728-EC41-4780-843E-5F9D6C35C641}.Release|Any CPU.ActiveCfg = Release|Any CPU
		{D38E1728-EC41-4780-843E-5F9D6C35C641}.Release|Any CPU.Build.0 = Release|Any CPU
		{2C37DEDE-F3CF-4CF2-BC9A-84FBD7EB39A0}.Debug|Any CPU.ActiveCfg = Debug|Any CPU
		{2C37DEDE-F3CF-4CF2-BC9A-84FBD7EB39A0}.Debug|Any CPU.Build.0 = Debug|Any CPU
		{2C37DEDE-F3CF-4CF2-BC9A-84FBD7EB39A0}.Release|Any CPU.ActiveCfg = Release|Any CPU
		{2C37DEDE-F3CF-4CF2-BC9A-84FBD7EB39A0}.Release|Any CPU.Build.0 = Release|Any CPU
		{2A4FB8E3-4537-4B40-9DED-34B892C0BCAB}.Debug|Any CPU.ActiveCfg = Debug|Any CPU
		{2A4FB8E3-4537-4B40-9DED-34B892C0BCAB}.Debug|Any CPU.Build.0 = Debug|Any CPU
		{2A4FB8E3-4537-4B40-9DED-34B892C0BCAB}.Release|Any CPU.ActiveCfg = Release|Any CPU
		{2A4FB8E3-4537-4B40-9DED-34B892C0BCAB}.Release|Any CPU.Build.0 = Release|Any CPU
		{093DC2AB-B78C-481F-970E-2857338541B1}.Debug|Any CPU.ActiveCfg = Debug|Any CPU
		{093DC2AB-B78C-481F-970E-2857338541B1}.Debug|Any CPU.Build.0 = Debug|Any CPU
		{093DC2AB-B78C-481F-970E-2857338541B1}.Release|Any CPU.ActiveCfg = Release|Any CPU
		{093DC2AB-B78C-481F-970E-2857338541B1}.Release|Any CPU.Build.0 = Release|Any CPU
		{9D098F08-B3CA-4122-A7F6-3090F8A17CA1}.Debug|Any CPU.ActiveCfg = Debug|Any CPU
		{9D098F08-B3CA-4122-A7F6-3090F8A17CA1}.Debug|Any CPU.Build.0 = Debug|Any CPU
		{9D098F08-B3CA-4122-A7F6-3090F8A17CA1}.Release|Any CPU.ActiveCfg = Release|Any CPU
		{9D098F08-B3CA-4122-A7F6-3090F8A17CA1}.Release|Any CPU.Build.0 = Release|Any CPU
		{4FDB6B24-BCD1-4CA7-A6DF-E6AD3146F7E8}.Debug|Any CPU.ActiveCfg = Debug|Any CPU
		{4FDB6B24-BCD1-4CA7-A6DF-E6AD3146F7E8}.Debug|Any CPU.Build.0 = Debug|Any CPU
		{4FDB6B24-BCD1-4CA7-A6DF-E6AD3146F7E8}.Release|Any CPU.ActiveCfg = Release|Any CPU
		{4FDB6B24-BCD1-4CA7-A6DF-E6AD3146F7E8}.Release|Any CPU.Build.0 = Release|Any CPU
		{BF914B52-EBE9-422B-AF7F-FC7F48CEE550}.Debug|Any CPU.ActiveCfg = Debug|Any CPU
		{BF914B52-EBE9-422B-AF7F-FC7F48CEE550}.Debug|Any CPU.Build.0 = Debug|Any CPU
		{BF914B52-EBE9-422B-AF7F-FC7F48CEE550}.Release|Any CPU.ActiveCfg = Release|Any CPU
		{BF914B52-EBE9-422B-AF7F-FC7F48CEE550}.Release|Any CPU.Build.0 = Release|Any CPU
		{0201E62C-5A02-4A39-8850-7547732B1BB7}.Debug|Any CPU.ActiveCfg = Debug|Any CPU
		{0201E62C-5A02-4A39-8850-7547732B1BB7}.Debug|Any CPU.Build.0 = Debug|Any CPU
		{0201E62C-5A02-4A39-8850-7547732B1BB7}.Release|Any CPU.ActiveCfg = Release|Any CPU
		{0201E62C-5A02-4A39-8850-7547732B1BB7}.Release|Any CPU.Build.0 = Release|Any CPU
		{E3F16859-445A-4EA1-BE17-A4AD51AC4B2B}.Debug|Any CPU.ActiveCfg = Debug|Any CPU
		{E3F16859-445A-4EA1-BE17-A4AD51AC4B2B}.Debug|Any CPU.Build.0 = Debug|Any CPU
		{E3F16859-445A-4EA1-BE17-A4AD51AC4B2B}.Release|Any CPU.ActiveCfg = Release|Any CPU
		{E3F16859-445A-4EA1-BE17-A4AD51AC4B2B}.Release|Any CPU.Build.0 = Release|Any CPU
		{CFA3F173-4441-4773-BF3D-97F2818AAE1F}.Debug|Any CPU.ActiveCfg = Debug|Any CPU
		{CFA3F173-4441-4773-BF3D-97F2818AAE1F}.Debug|Any CPU.Build.0 = Debug|Any CPU
		{CFA3F173-4441-4773-BF3D-97F2818AAE1F}.Release|Any CPU.ActiveCfg = Release|Any CPU
		{CFA3F173-4441-4773-BF3D-97F2818AAE1F}.Release|Any CPU.Build.0 = Release|Any CPU
		{0D02DC08-3CB7-45BB-8403-24200392785D}.Debug|Any CPU.ActiveCfg = Debug|Any CPU
		{0D02DC08-3CB7-45BB-8403-24200392785D}.Debug|Any CPU.Build.0 = Debug|Any CPU
		{0D02DC08-3CB7-45BB-8403-24200392785D}.Release|Any CPU.ActiveCfg = Release|Any CPU
		{0D02DC08-3CB7-45BB-8403-24200392785D}.Release|Any CPU.Build.0 = Release|Any CPU
		{8C32D931-0FA9-4191-9C6D-640435995207}.Debug|Any CPU.ActiveCfg = Debug|Any CPU
		{8C32D931-0FA9-4191-9C6D-640435995207}.Debug|Any CPU.Build.0 = Debug|Any CPU
		{8C32D931-0FA9-4191-9C6D-640435995207}.Release|Any CPU.ActiveCfg = Release|Any CPU
		{8C32D931-0FA9-4191-9C6D-640435995207}.Release|Any CPU.Build.0 = Release|Any CPU
		{7820ED76-DF9E-47E3-B122-D2D286603762}.Debug|Any CPU.ActiveCfg = Debug|Any CPU
		{7820ED76-DF9E-47E3-B122-D2D286603762}.Debug|Any CPU.Build.0 = Debug|Any CPU
		{7820ED76-DF9E-47E3-B122-D2D286603762}.Release|Any CPU.ActiveCfg = Release|Any CPU
		{7820ED76-DF9E-47E3-B122-D2D286603762}.Release|Any CPU.Build.0 = Release|Any CPU
		{628D590E-ACAE-4D7C-9F15-5C74A4EAD4F0}.Debug|Any CPU.ActiveCfg = Debug|Any CPU
		{628D590E-ACAE-4D7C-9F15-5C74A4EAD4F0}.Debug|Any CPU.Build.0 = Debug|Any CPU
		{628D590E-ACAE-4D7C-9F15-5C74A4EAD4F0}.Release|Any CPU.ActiveCfg = Release|Any CPU
		{628D590E-ACAE-4D7C-9F15-5C74A4EAD4F0}.Release|Any CPU.Build.0 = Release|Any CPU
		{156EF2B3-61E8-413A-8885-7655556559E5}.Debug|Any CPU.ActiveCfg = Debug|Any CPU
		{156EF2B3-61E8-413A-8885-7655556559E5}.Debug|Any CPU.Build.0 = Debug|Any CPU
		{156EF2B3-61E8-413A-8885-7655556559E5}.Release|Any CPU.ActiveCfg = Release|Any CPU
		{156EF2B3-61E8-413A-8885-7655556559E5}.Release|Any CPU.Build.0 = Release|Any CPU
		{92824A85-488A-4C5D-966E-3BB94C39B334}.Debug|Any CPU.ActiveCfg = Debug|Any CPU
		{92824A85-488A-4C5D-966E-3BB94C39B334}.Debug|Any CPU.Build.0 = Debug|Any CPU
		{92824A85-488A-4C5D-966E-3BB94C39B334}.Release|Any CPU.ActiveCfg = Release|Any CPU
		{92824A85-488A-4C5D-966E-3BB94C39B334}.Release|Any CPU.Build.0 = Release|Any CPU
		{DFE3AC49-EEBD-48B1-8026-4C03E66D01E5}.Debug|Any CPU.ActiveCfg = Debug|Any CPU
		{DFE3AC49-EEBD-48B1-8026-4C03E66D01E5}.Debug|Any CPU.Build.0 = Debug|Any CPU
		{DFE3AC49-EEBD-48B1-8026-4C03E66D01E5}.Release|Any CPU.ActiveCfg = Release|Any CPU
		{DFE3AC49-EEBD-48B1-8026-4C03E66D01E5}.Release|Any CPU.Build.0 = Release|Any CPU
		{1E80B5E4-0F92-4134-A795-9D381A34803D}.Debug|Any CPU.ActiveCfg = Debug|Any CPU
		{1E80B5E4-0F92-4134-A795-9D381A34803D}.Debug|Any CPU.Build.0 = Debug|Any CPU
		{1E80B5E4-0F92-4134-A795-9D381A34803D}.Release|Any CPU.ActiveCfg = Release|Any CPU
		{1E80B5E4-0F92-4134-A795-9D381A34803D}.Release|Any CPU.Build.0 = Release|Any CPU
		{CA7980DC-54A7-4B8B-840C-54C56CF5D9C8}.Debug|Any CPU.ActiveCfg = Debug|Any CPU
		{CA7980DC-54A7-4B8B-840C-54C56CF5D9C8}.Debug|Any CPU.Build.0 = Debug|Any CPU
		{CA7980DC-54A7-4B8B-840C-54C56CF5D9C8}.Release|Any CPU.ActiveCfg = Release|Any CPU
		{CA7980DC-54A7-4B8B-840C-54C56CF5D9C8}.Release|Any CPU.Build.0 = Release|Any CPU
	EndGlobalSection
	GlobalSection(SolutionProperties) = preSolution
		HideSolutionNode = FALSE
	EndGlobalSection
	GlobalSection(NestedProjects) = preSolution
		{EE396A59-956E-4DEE-B222-991F2274ED67} = {2D1608D0-94AF-42D1-818F-26D647FB340B}
		{94E7B042-6595-46F8-9400-897058E76E91} = {2D1608D0-94AF-42D1-818F-26D647FB340B}
		{D38E1728-EC41-4780-843E-5F9D6C35C641} = {5B5B9445-7105-4C81-B3BD-039FBCD52034}
		{2C37DEDE-F3CF-4CF2-BC9A-84FBD7EB39A0} = {5B5B9445-7105-4C81-B3BD-039FBCD52034}
		{2A4FB8E3-4537-4B40-9DED-34B892C0BCAB} = {5B5B9445-7105-4C81-B3BD-039FBCD52034}
		{093DC2AB-B78C-481F-970E-2857338541B1} = {5B5B9445-7105-4C81-B3BD-039FBCD52034}
		{9D098F08-B3CA-4122-A7F6-3090F8A17CA1} = {5B5B9445-7105-4C81-B3BD-039FBCD52034}
		{4FDB6B24-BCD1-4CA7-A6DF-E6AD3146F7E8} = {5B5B9445-7105-4C81-B3BD-039FBCD52034}
		{BF914B52-EBE9-422B-AF7F-FC7F48CEE550} = {5B5B9445-7105-4C81-B3BD-039FBCD52034}
		{0201E62C-5A02-4A39-8850-7547732B1BB7} = {5B5B9445-7105-4C81-B3BD-039FBCD52034}
		{E3F16859-445A-4EA1-BE17-A4AD51AC4B2B} = {2D1608D0-94AF-42D1-818F-26D647FB340B}
		{CFA3F173-4441-4773-BF3D-97F2818AAE1F} = {2D1608D0-94AF-42D1-818F-26D647FB340B}
		{0D02DC08-3CB7-45BB-8403-24200392785D} = {2D1608D0-94AF-42D1-818F-26D647FB340B}
		{8C32D931-0FA9-4191-9C6D-640435995207} = {5B5B9445-7105-4C81-B3BD-039FBCD52034}
		{7820ED76-DF9E-47E3-B122-D2D286603762} = {2D1608D0-94AF-42D1-818F-26D647FB340B}
		{628D590E-ACAE-4D7C-9F15-5C74A4EAD4F0} = {5B5B9445-7105-4C81-B3BD-039FBCD52034}
		{156EF2B3-61E8-413A-8885-7655556559E5} = {2D1608D0-94AF-42D1-818F-26D647FB340B}
		{92824A85-488A-4C5D-966E-3BB94C39B334} = {5B5B9445-7105-4C81-B3BD-039FBCD52034}
		{DFE3AC49-EEBD-48B1-8026-4C03E66D01E5} = {4147A1E0-091B-454C-B190-90C5F801C901}
		{1E80B5E4-0F92-4134-A795-9D381A34803D} = {4147A1E0-091B-454C-B190-90C5F801C901}
		{CA7980DC-54A7-4B8B-840C-54C56CF5D9C8} = {2D1608D0-94AF-42D1-818F-26D647FB340B}
	EndGlobalSection
	GlobalSection(ExtensibilityGlobals) = postSolution
		SolutionGuid = {A90950D7-D045-46D5-97F7-655458ED4F4A}
	EndGlobalSection
	GlobalSection(MonoDevelopProperties) = preSolution
		Policies = $0
		$0.TextStylePolicy = $1
		$1.inheritsSet = VisualStudio
		$1.inheritsScope = text/plain
		$1.scope = text/x-csharp
		$0.CSharpFormattingPolicy = $2
		$2.IndentSwitchBody = True
		$2.IndentBlocksInsideExpressions = True
		$2.AnonymousMethodBraceStyle = NextLine
		$2.PropertyBraceStyle = NextLine
		$2.PropertyGetBraceStyle = NextLine
		$2.PropertySetBraceStyle = NextLine
		$2.EventBraceStyle = NextLine
		$2.EventAddBraceStyle = NextLine
		$2.EventRemoveBraceStyle = NextLine
		$2.StatementBraceStyle = NextLine
		$2.ElseNewLinePlacement = NewLine
		$2.CatchNewLinePlacement = NewLine
		$2.FinallyNewLinePlacement = NewLine
		$2.WhileNewLinePlacement = DoNotCare
		$2.ArrayInitializerWrapping = DoNotChange
		$2.ArrayInitializerBraceStyle = NextLine
		$2.BeforeMethodDeclarationParentheses = False
		$2.BeforeMethodCallParentheses = False
		$2.BeforeConstructorDeclarationParentheses = False
		$2.NewLineBeforeConstructorInitializerColon = NewLine
		$2.NewLineAfterConstructorInitializerColon = SameLine
		$2.BeforeDelegateDeclarationParentheses = False
		$2.NewParentheses = False
		$2.SpacesBeforeBrackets = False
		$2.inheritsSet = Mono
		$2.inheritsScope = text/x-csharp
		$2.scope = text/x-csharp
	EndGlobalSection
EndGlobal
